
Microsoft Visual Studio Solution File, Format Version 12.00
# Visual Studio 14
VisualStudioVersion = 14.0.25420.1
MinimumVisualStudioVersion = 10.0.40219.1
Project("{FAE04EC0-301F-11D3-BF4B-00C04F79EFBC}") = "MyListApp.Api", "MyListApp.Api\MyListApp.Api.csproj", "{58C681E5-D6DC-4A96-B005-933843767F34}"
EndProject
Project("{FAE04EC0-301F-11D3-BF4B-00C04F79EFBC}") = "MyListApp.Api.UnitTests", "MyListApp.Api.UnitTests\MyListApp.Api.UnitTests.csproj", "{DD033F8E-0A1B-4583-B71E-EE0074AD7ED2}"
EndProject
Global
	GlobalSection(SolutionConfigurationPlatforms) = preSolution
		Debug|Any CPU = Debug|Any CPU
		Release|Any CPU = Release|Any CPU
	EndGlobalSection
	GlobalSection(ProjectConfigurationPlatforms) = postSolution
		{58C681E5-D6DC-4A96-B005-933843767F34}.Debug|Any CPU.ActiveCfg = Debug|Any CPU
		{58C681E5-D6DC-4A96-B005-933843767F34}.Debug|Any CPU.Build.0 = Debug|Any CPU
		{58C681E5-D6DC-4A96-B005-933843767F34}.Release|Any CPU.ActiveCfg = Release|Any CPU
		{58C681E5-D6DC-4A96-B005-933843767F34}.Release|Any CPU.Build.0 = Release|Any CPU
		{DD033F8E-0A1B-4583-B71E-EE0074AD7ED2}.Debug|Any CPU.ActiveCfg = Debug|Any CPU
		{DD033F8E-0A1B-4583-B71E-EE0074AD7ED2}.Debug|Any CPU.Build.0 = Debug|Any CPU
		{DD033F8E-0A1B-4583-B71E-EE0074AD7ED2}.Release|Any CPU.ActiveCfg = Release|Any CPU
		{DD033F8E-0A1B-4583-B71E-EE0074AD7ED2}.Release|Any CPU.Build.0 = Release|Any CPU
	EndGlobalSection
	GlobalSection(SolutionProperties) = preSolution
		HideSolutionNode = FALSE
	EndGlobalSection
EndGlobal
